{
    "_meta": {
        "hash": {
            "sha256": "92cc834eae2dcfcaf7f418102fa83215ba2df773d4c96a1d9aab3a2d15a238fb"
        },
        "pipfile-spec": 6,
        "requires": {
            "python_version": "3.11"
        },
        "sources": [
            {
                "name": "pypi",
                "url": "https://pypi.org/simple",
                "verify_ssl": true
            }
        ]
    },
    "default": {
        "aiofiles": {
            "hashes": [
                "sha256:19297512c647d4b27a2cf7c34caa7e405c0d60b5560618a29a9fe027b18b0107",
                "sha256:84ec2218d8419404abcb9f0c02df3f34c6e0a68ed41072acfb1cef5cbc29051a"
            ],
            "index": "pypi",
            "markers": "python_version >= '3.7'",
            "version": "==23.2.1"
        },
        "dnspython": {
            "hashes": [
                "sha256:01d9bbc4a2d76bf0db7c1f729812ded6d912bd318d3b1cf81d30c0f845dbf3af",
                "sha256:181d3c6996452cb1189c4046c61599b84a5a86e099562ffde77d26984ff26d0f"
            ],
            "markers": "python_version >= '3.10'",
            "version": "==2.8.0"
        },
        "html5tagger": {
            "hashes": [
                "sha256:84fa3dfb49e5c83b79bbd856ab7b1de8e2311c3bb46a8be925f119e3880a8da9",
                "sha256:ce14313515edffec8ed8a36c5890d023922641171b4e6e5774ad1a74998f5351"
            ],
            "markers": "python_version >= '3.7'",
            "version": "==1.3.0"
        },
        "httptools": {
            "hashes": [
                "sha256:04c6c0e6c5fb0739c5b8a9eb046d298650a0ff38cf42537fc372b28dc7e4472c",
                "sha256:0d92b10dbf0b3da4823cde6a96d18e6ae358a9daa741c71448975f6a2c339cad",
                "sha256:0e68b8582f4ea9166be62926077a3334064d422cf08ab87d8b74664f8e9058e1",
                "sha256:11d01b0ff1fe02c4c32d60af61a4d613b74fad069e47e06e9067758c01e9ac78",
                "sha256:135fbe974b3718eada677229312e97f3b31f8a9c8ffa3ae6f565bf808d5b6bcb",
                "sha256:2c15f37ef679ab9ecc06bfc4e6e8628c32a8e4b305459de7cf6785acd57e4d03",
                "sha256:322d00c2068d125bd570f7bf78b2d367dad02b919d8581d7476d8b75b294e3e6",
                "sha256:379b479408b8747f47f3b253326183d7c009a3936518cdb70db58cffd369d9df",
                "sha256:38e0c83a2ea9746ebbd643bdfb521b9aa4a91703e2cd705c20443405d2fd16a5",
                "sha256:3e14f530fefa7499334a79b0cf7e7cd2992870eb893526fb097d51b4f2d0f321",
                "sha256:44c8f4347d4b31269c8a9205d8a5ee2df5322b09bbbd30f8f862185bb6b05346",
                "sha256:465275d76db4d554918aba40bf1cbebe324670f3dfc979eaffaa5d108e2ed650",
                "sha256:474d3b7ab469fefcca3697a10d11a32ee2b9573250206ba1e50d5980910da657",
                "sha256:49794f9250188a57fa73c706b46cb21a313edb00d337ca4ce1a011fe3c760b28",
                "sha256:5ddbd045cfcb073db2449563dd479057f2c2b681ebc232380e63ef15edc9c023",
                "sha256:601b7628de7504077dd3dcb3791c6b8694bbd967148a6d1f01806509254fb1ca",
                "sha256:654968cb6b6c77e37b832a9be3d3ecabb243bbe7a0b8f65fbc5b6b04c8fcabed",
                "sha256:69d4f9705c405ae3ee83d6a12283dc9feba8cc6aaec671b412917e644ab4fa66",
                "sha256:6babce6cfa2a99545c60bfef8bee0cc0545413cb0018f617c8059a30ad985de3",
                "sha256:7347714368fb2b335e9063bc2b96f2f87a9ceffcd9758ac295f8bbcd3ffbc0ca",
                "sha256:7aea2e3c3953521c3c51106ee11487a910d45586e351202474d45472db7d72d3",
                "sha256:7fe6e96090df46b36ccfaf746f03034e5ab723162bc51b0a4cf58305324036f2",
                "sha256:84d86c1e5afdc479a6fdabf570be0d3eb791df0ae727e8dbc0259ed1249998d4",
                "sha256:a3c3b7366bb6c7b96bd72d0dbe7f7d5eead261361f013be5f6d9590465ea1c70",
                "sha256:abd72556974f8e7c74a259655924a717a2365b236c882c3f6f8a45fe94703ac9",
                "sha256:ac50afa68945df63ec7a2707c506bd02239272288add34539a2ef527254626a4",
                "sha256:aeefa0648362bb97a7d6b5ff770bfb774930a327d7f65f8208394856862de517",
                "sha256:b580968316348b474b020edf3988eecd5d6eec4634ee6561e72ae3a2a0e00a8a",
                "sha256:c08fe65728b8d70b6923ce31e3956f859d5e1e8548e6f22ec520a962c6757270",
                "sha256:c8c751014e13d88d2be5f5f14fc8b89612fcfa92a9cc480f2bc1598357a23a05",
                "sha256:cad6b591a682dcc6cf1397c3900527f9affef1e55a06c4547264796bbd17cf5e",
                "sha256:cbf8317bfccf0fed3b5680c559d3459cccf1abe9039bfa159e62e391c7270568",
                "sha256:cfabda2a5bb85aa2a904ce06d974a3f30fb36cc63d7feaddec05d2050acede96",
                "sha256:d169162803a24425eb5e4d51d79cbf429fd7a491b9e570a55f495ea55b26f0bf",
                "sha256:d496e2f5245319da9d764296e86c5bb6fcf0cf7a8806d3d000717a889c8c0b7b",
                "sha256:de987bb4e7ac95b99b805b99e0aae0ad51ae61df4263459d36e07cf4052d8b3a",
                "sha256:df091cf961a3be783d6aebae963cc9b71e00d57fa6f149025075217bc6a55a7b",
                "sha256:e99c7b90a29fd82fea9ef57943d501a16f3404d7b9ee81799d41639bdaae412c",
                "sha256:eb844698d11433d2139bbeeb56499102143beb582bd6c194e3ba69c22f25c274",
                "sha256:f084813239e1eb403ddacd06a30de3d3e09a9b76e7894dcda2b22f8a726e9c60",
                "sha256:f25bbaf1235e27704f1a7b86cd3304eabc04f569c828101d94a0e605ef7205a5",
                "sha256:f65744d7a8bdb4bda5e1fa23e4ba16832860606fcc09d674d56e425e991539ec",
                "sha256:f72fdbae2dbc6e68b8239defb48e6a5937b12218e6ffc2c7846cc37befa84362"
            ],
            "markers": "python_version >= '3.9'",
            "version": "==0.7.1"
        },
        "jinja2": {
            "hashes": [
                "sha256:0137fb05990d35f1275a587e9aee6d56da821fc83491a0fb838183be43f66d6d",
                "sha256:85ece4451f492d0c13c5dd7c13a64681a86afae63a5f347908daf103ce6d2f67"
            ],
            "index": "pypi",
            "markers": "python_version >= '3.7'",
            "version": "==3.1.6"
        },
        "markupsafe": {
            "hashes": [
                "sha256:0303439a41979d9e74d18ff5e2dd8c43ed6c6001fd40e5bf2e43f7bd9bbc523f",
                "sha256:068f375c472b3e7acbe2d5318dea141359e6900156b5b2ba06a30b169086b91a",
                "sha256:0bf2a864d67e76e5c9a34dc26ec616a66b9888e25e7b9460e1c76d3293bd9dbf",
                "sha256:0db14f5dafddbb6d9208827849fad01f1a2609380add406671a26386cdf15a19",
                "sha256:0eb9ff8191e8498cca014656ae6b8d61f39da5f95b488805da4bb029cccbfbaf",
                "sha256:0f4b68347f8c5eab4a13419215bdfd7f8c9b19f2b25520968adfad23eb0ce60c",
                "sha256:1085e7fbddd3be5f89cc898938f42c0b3c711fdcb37d75221de2666af647c175",
                "sha256:116bb52f642a37c115f517494ea5feb03889e04df47eeff5b130b1808ce7c219",
                "sha256:12c63dfb4a98206f045aa9563db46507995f7ef6d83b2f68eda65c307c6829eb",
                "sha256:133a43e73a802c5562be9bbcd03d090aa5a1fe899db609c29e8c8d815c5f6de6",
                "sha256:1353ef0c1b138e1907ae78e2f6c63ff67501122006b0f9abad68fda5f4ffc6ab",
                "sha256:15d939a21d546304880945ca1ecb8a039db6b4dc49b2c5a400387cdae6a62e26",
                "sha256:177b5253b2834fe3678cb4a5f0059808258584c559193998be2601324fdeafb1",
                "sha256:1872df69a4de6aead3491198eaf13810b565bdbeec3ae2dc8780f14458ec73ce",
                "sha256:1b4b79e8ebf6b55351f0d91fe80f893b4743f104bff22e90697db1590e47a218",
                "sha256:1b52b4fb9df4eb9ae465f8d0c228a00624de2334f216f178a995ccdcf82c4634",
                "sha256:1ba88449deb3de88bd40044603fafffb7bc2b055d626a330323a9ed736661695",
                "sha256:1cc7ea17a6824959616c525620e387f6dd30fec8cb44f649e31712db02123dad",
                "sha256:218551f6df4868a8d527e3062d0fb968682fe92054e89978594c28e642c43a73",
                "sha256:26a5784ded40c9e318cfc2bdb30fe164bdb8665ded9cd64d500a34fb42067b1c",
                "sha256:2713baf880df847f2bece4230d4d094280f4e67b1e813eec43b4c0e144a34ffe",
                "sha256:2a15a08b17dd94c53a1da0438822d70ebcd13f8c3a95abe3a9ef9f11a94830aa",
                "sha256:2f981d352f04553a7171b8e44369f2af4055f888dfb147d55e42d29e29e74559",
                "sha256:32001d6a8fc98c8cb5c947787c5d08b0a50663d139f1305bac5885d98d9b40fa",
                "sha256:3524b778fe5cfb3452a09d31e7b5adefeea8c5be1d43c4f810ba09f2ceb29d37",
                "sha256:3537e01efc9d4dccdf77221fb1cb3b8e1a38d5428920e0657ce299b20324d758",
                "sha256:35add3b638a5d900e807944a078b51922212fb3dedb01633a8defc4b01a3c85f",
                "sha256:38664109c14ffc9e7437e86b4dceb442b0096dfe3541d7864d9cbe1da4cf36c8",
                "sha256:3a7e8ae81ae39e62a41ec302f972ba6ae23a5c5396c8e60113e9066ef893da0d",
                "sha256:3b562dd9e9ea93f13d53989d23a7e775fdfd1066c33494ff43f5418bc8c58a5c",
                "sha256:457a69a9577064c05a97c41f4e65148652db078a3a509039e64d3467b9e7ef97",
                "sha256:4bd4cd07944443f5a265608cc6aab442e4f74dff8088b0dfc8238647b8f6ae9a",
                "sha256:4e885a3d1efa2eadc93c894a21770e4bc67899e3543680313b09f139e149ab19",
                "sha256:4faffd047e07c38848ce017e8725090413cd80cbc23d86e55c587bf979e579c9",
                "sha256:509fa21c6deb7a7a273d629cf5ec029bc209d1a51178615ddf718f5918992ab9",
                "sha256:5678211cb9333a6468fb8d8be0305520aa073f50d17f089b5b4b477ea6e67fdc",
                "sha256:591ae9f2a647529ca990bc681daebdd52c8791ff06c2bfa05b65163e28102ef2",
                "sha256:5a7d5dc5140555cf21a6fefbdbf8723f06fcd2f63ef108f2854de715e4422cb4",
                "sha256:69c0b73548bc525c8cb9a251cddf1931d1db4d2258e9599c28c07ef3580ef354",
                "sha256:6b5420a1d9450023228968e7e6a9ce57f65d148ab56d2313fcd589eee96a7a50",
                "sha256:722695808f4b6457b320fdc131280796bdceb04ab50fe1795cd540799ebe1698",
                "sha256:729586769a26dbceff69f7a7dbbf59ab6572b99d94576a5592625d5b411576b9",
                "sha256:77f0643abe7495da77fb436f50f8dab76dbc6e5fd25d39589a0f1fe6548bfa2b",
                "sha256:795e7751525cae078558e679d646ae45574b47ed6e7771863fcc079a6171a0fc",
                "sha256:7be7b61bb172e1ed687f1754f8e7484f1c8019780f6f6b0786e76bb01c2ae115",
                "sha256:7c3fb7d25180895632e5d3148dbdc29ea38ccb7fd210aa27acbd1201a1902c6e",
                "sha256:7e68f88e5b8799aa49c85cd116c932a1ac15caaa3f5db09087854d218359e485",
                "sha256:83891d0e9fb81a825d9a6d61e3f07550ca70a076484292a70fde82c4b807286f",
                "sha256:8485f406a96febb5140bfeca44a73e3ce5116b2501ac54fe953e488fb1d03b12",
                "sha256:8709b08f4a89aa7586de0aadc8da56180242ee0ada3999749b183aa23df95025",
                "sha256:8f71bc33915be5186016f675cd83a1e08523649b0e33efdb898db577ef5bb009",
                "sha256:915c04ba3851909ce68ccc2b8e2cd691618c4dc4c4232fb7982bca3f41fd8c3d",
                "sha256:949b8d66bc381ee8b007cd945914c721d9aba8e27f71959d750a46f7c282b20b",
                "sha256:94c6f0bb423f739146aec64595853541634bde58b2135f27f61c1ffd1cd4d16a",
                "sha256:9a1abfdc021a164803f4d485104931fb8f8c1efd55bc6b748d2f5774e78b62c5",
                "sha256:9b79b7a16f7fedff2495d684f2b59b0457c3b493778c9eed31111be64d58279f",
                "sha256:a320721ab5a1aba0a233739394eb907f8c8da5c98c9181d1161e77a0c8e36f2d",
                "sha256:a4afe79fb3de0b7097d81da19090f4df4f8d3a2b3adaa8764138aac2e44f3af1",
                "sha256:ad2cf8aa28b8c020ab2fc8287b0f823d0a7d8630784c31e9ee5edea20f406287",
                "sha256:b8512a91625c9b3da6f127803b166b629725e68af71f8184ae7e7d54686a56d6",
                "sha256:bc51efed119bc9cfdf792cdeaa4d67e8f6fcccab66ed4bfdd6bde3e59bfcbb2f",
                "sha256:bdc919ead48f234740ad807933cdf545180bfbe9342c2bb451556db2ed958581",
                "sha256:bdd37121970bfd8be76c5fb069c7751683bdf373db1ed6c010162b2a130248ed",
                "sha256:be8813b57049a7dc738189df53d69395eba14fb99345e0a5994914a3864c8a4b",
                "sha256:c0c0b3ade1c0b13b936d7970b1d37a57acde9199dc2aecc4c336773e1d86049c",
                "sha256:c47a551199eb8eb2121d4f0f15ae0f923d31350ab9280078d1e5f12b249e0026",
                "sha256:c4ffb7ebf07cfe8931028e3e4c85f0357459a3f9f9490886198848f4fa002ec8",
                "sha256:ccfcd093f13f0f0b7fdd0f198b90053bf7b2f02a3927a30e63f3ccc9df56b676",
                "sha256:d2ee202e79d8ed691ceebae8e0486bd9a2cd4794cec4824e1c99b6f5009502f6",
                "sha256:d53197da72cc091b024dd97249dfc7794d6a56530370992a5e1a08983ad9230e",
                "sha256:d6dd0be5b5b189d31db7cda48b91d7e0a9795f31430b7f271219ab30f1d3ac9d",
                "sha256:d88b440e37a16e651bda4c7c2b930eb586fd15ca7406cb39e211fcff3bf3017d",
                "sha256:de8a88e63464af587c950061a5e6a67d3632e36df62b986892331d4620a35c01",
                "sha256:df2449253ef108a379b8b5d6b43f4b1a8e81a061d6537becd5582fba5f9196d7",
                "sha256:e1c1493fb6e50ab01d20a22826e57520f1284df32f2d8601fdd90b6304601419",
                "sha256:e1cf1972137e83c5d4c136c43ced9ac51d0e124706ee1c8aa8532c1287fa8795",
                "sha256:e2103a929dfa2fcaf9bb4e7c091983a49c9ac3b19c9061b6d5427dd7d14d81a1",
                "sha256:e56b7d45a839a697b5eb268c82a71bd8c7f6c94d6fd50c3d577fa39a9f1409f5",
                "sha256:e8afc3f2ccfa24215f8cb28dcf43f0113ac3c37c2f0f0806d8c70e4228c5cf4d",
                "sha256:e8fc20152abba6b83724d7ff268c249fa196d8259ff481f3b1476383f8f24e42",
                "sha256:eaa9599de571d72e2daf60164784109f19978b327a3910d3e9de8c97b5b70cfe",
                "sha256:ec15a59cf5af7be74194f7ab02d0f59a62bdcf1a537677ce67a2537c9b87fcda",
                "sha256:f190daf01f13c72eac4efd5c430a8de82489d9cff23c364c3ea822545032993e",
                "sha256:f34c41761022dd093b4b6896d4810782ffbabe30f2d443ff5f083e0cbbb8c737",
                "sha256:f3e98bb3798ead92273dc0e5fd0f31ade220f59a266ffd8a4f6065e0a3ce0523",
                "sha256:f42d0984e947b8adf7dd6dde396e720934d12c506ce84eea8476409563607591",
                "sha256:f71a396b3bf33ecaa1626c255855702aca4d3d9fea5e051b41ac59a9c1c41edc",
                "sha256:f9e130248f4462aaa8e2552d547f36ddadbeaa573879158d721bbd33dfe4743a",
                "sha256:fed51ac40f757d41b7c48425901843666a6677e3e8eb0abcff09e4ba6e664f50"
            ],
            "markers": "python_version >= '3.9'",
            "version": "==3.0.3"
        },
        "motor": {
            "hashes": [
                "sha256:4b1e1a0cc5116ff73be2c080a72da078f2bb719b53bc7a6bb9e9a2f7dcd421ed",
                "sha256:c89b4e4eb2e711345e91c7c9b122cb68cce0e5e869ed0387dd0acb10775e3131"
            ],
            "index": "pypi",
            "markers": "python_version >= '3.7'",
            "version": "==3.4.0"
        },
        "multidict": {
            "hashes": [
                "sha256:03ca744319864e92721195fa28c7a3b2bc7b686246b35e4078c1e4d0eb5466d3",
                "sha256:040f393368e63fb0f3330e70c26bfd336656bed925e5cbe17c9da839a6ab13ec",
                "sha256:05047ada7a2fde2631a0ed706f1fd68b169a681dfe5e4cf0f8e4cb6618bbc2cd",
                "sha256:0591b48acf279821a579282444814a2d8d0af624ae0bc600aa4d1b920b6e924b",
                "sha256:07f5594ac6d084cbb5de2df218d78baf55ef150b91f0ff8a21cc7a2e3a5a58eb",
                "sha256:08325c9e5367aa379a3496aa9a022fe8837ff22e00b94db256d3a1378c76ab32",
                "sha256:08d4379f9744d8f78d98c8673c06e202ffa88296f009c71bbafe8a6bf847d01f",
                "sha256:0934f3843a1860dd465d38895c17fce1f1cb37295149ab05cd1b9a03afacb2a7",
                "sha256:096f52730c3fb8ed419db2d44391932b63891b2c5ed14850a7e215c0ba9ade36",
                "sha256:09929cab6fcb68122776d575e03c6cc64ee0b8fca48d17e135474b042ce515cd",
                "sha256:0a13fb8e748dfc94749f622de065dd5c1def7e0d2216dba72b1d8069a389c6ff",
                "sha256:0db4956f82723cc1c270de9c6e799b4c341d327762ec78ef82bb962f79cc07d8",
                "sha256:123e2a72e20537add2f33a79e605f6191fba2afda4cbb876e35c1a7074298a7d",
                "sha256:14c9e076eede3b54c636f8ce1c9c252b5f057c62131211f0ceeec273810c9721",
                "sha256:171b73bd4ee683d307599b66793ac80981b06f069b62eea1c9e29c9241aa66b0",
                "sha256:18706cc31dbf402a7945916dd5cddf160251b6dab8a2c5f3d6d5a55949f676b3",
                "sha256:19a1d55338ec1be74ef62440ca9e04a2f001a04d0cc49a4983dc320ff0f3212d",
                "sha256:2049be98fb57a31b4ccf870bf377af2504d4ae35646a19037ec271e4c07998aa",
                "sha256:2090d3718829d1e484706a2f525e50c892237b2bf9b17a79b059cb98cddc2f10",
                "sha256:2397ab4daaf2698eb51a76721e98db21ce4f52339e535725de03ea962b5a3202",
                "sha256:23bfeee5316266e5ee2d625df2d2c602b829435fc3a235c2ba2131495706e4a0",
                "sha256:27e0b36c2d388dc7b6ced3406671b401e84ad7eb0656b8f3a2f46ed0ce483718",
                "sha256:28b37063541b897fd6a318007373930a75ca6d6ac7c940dbe14731ffdd8d498e",
                "sha256:295a92a76188917c7f99cda95858c822f9e4aae5824246bba9b6b44004ddd0a6",
                "sha256:29fe6740ebccba4175af1b9b87bf553e9c15cd5868ee967e010efcf94e4fd0f1",
                "sha256:2a7baa46a22e77f0988e3b23d4ede5513ebec1929e34ee9495be535662c0dfe2",
                "sha256:2d2cfeec3f6f45651b3d408c4acec0ebf3daa9bc8a112a084206f5db5d05b754",
                "sha256:2f67396ec0310764b9222a1728ced1ab638f61aadc6226f17a71dd9324f9a99c",
                "sha256:30d193c6cc6d559db42b6bcec8a5d395d34d60c9877a0b71ecd7c204fcf15390",
                "sha256:31bae522710064b5cbeddaf2e9f32b1abab70ac6ac91d42572502299e9953128",
                "sha256:329aa225b085b6f004a4955271a7ba9f1087e39dcb7e65f6284a988264a63912",
                "sha256:363eb68a0a59bd2303216d2346e6c441ba10d36d1f9969fcb6f1ba700de7bb5c",
                "sha256:394fc5c42a333c9ffc3e421a4c85e08580d990e08b99f6bf35b4132114c5dcb3",
                "sha256:3996b50c3237c4aec17459217c1e7bbdead9a22a0fcd3c365564fbd16439dde6",
                "sha256:39f1719f57adbb767ef592a50ae5ebb794220d1188f9ca93de471336401c34d2",
                "sha256:3b29b980d0ddbecb736735ee5bef69bb2ddca56eff603c86f3f29a1128299b4f",
                "sha256:3ba3ef510467abb0667421a286dc906e30eb08569365f5cdb131d7aff7c2dd84",
                "sha256:3bab1e4aff7adaa34410f93b1f8e57c4b36b9af0426a76003f441ee1d3c7e842",
                "sha256:3d7b6ccce016e29df4b7ca819659f516f0bc7a4b3efa3bb2012ba06431b044f9",
                "sha256:3da4fb467498df97e986af166b12d01f05d2e04f978a9c1c680ea1988e0bc4b6",
                "sha256:3e56d780c238f9e1ae66a22d2adf8d16f485381878250db8d496623cd38b22bd",
                "sha256:3e8bfdd0e487acf992407a140d2589fe598238eaeffa3da8448d63a63cd363f8",
                "sha256:44b546bd3eb645fd26fb949e43c02a25a2e632e2ca21a35e2e132c8105dc8599",
                "sha256:478cc36476687bac1514d651cbbaa94b86b0732fb6855c60c673794c7dd2da62",
                "sha256:490dab541a6a642ce1a9d61a4781656b346a55c13038f0b1244653828e3a83ec",
                "sha256:4a0df7ff02397bb63e2fd22af2c87dfa39e8c7f12947bc524dbdc528282c7e34",
                "sha256:4b73189894398d59131a66ff157837b1fafea9974be486d036bb3d32331fdbf0",
                "sha256:4b7a9db5a870f780220e931d0002bbfd88fb53aceb6293251e2c839415c1b20e",
                "sha256:4c09703000a9d0fa3c3404b27041e574cc7f4df4c6563873246d0e11812a94b6",
                "sha256:4d409aa42a94c0b3fa617708ef5276dfe81012ba6753a0370fcc9d0195d0a1fc",
                "sha256:4d72a9a2d885f5c208b0cb91ff2ed43636bb7e345ec839ff64708e04f69a13cc",
                "sha256:4ef089f985b8c194d341eb2c24ae6e7408c9a0e2e5658699c92f497437d88c3c",
                "sha256:51cb455de290ae462593e5b1cb1118c5c22ea7f0d3620d9940bf695cea5a4bd7",
                "sha256:521f33e377ff64b96c4c556b81c55d0cfffb96a11c194fd0c3f1e56f3d8dd5a4",
                "sha256:53a42d364f323275126aff81fb67c5ca1b7a04fda0546245730a55c8c5f24bc4",
                "sha256:5aa873cbc8e593d361ae65c68f85faadd755c3295ea2c12040ee146802f23b38",
                "sha256:654030da3197d927f05a536a66186070e98765aa5142794c9904555d3a9d8fb5",
                "sha256:661709cdcd919a2ece2234f9bae7174e5220c80b034585d7d8a755632d3e2111",
                "sha256:680878b9f3d45c31e1f730eef731f9b0bc1da456155688c6745ee84eb818e90e",
                "sha256:6843b28b0364dc605f21481c90fadb5f60d9123b442eb8a726bb74feef588a84",
                "sha256:68af405971779d8b37198726f2b6fe3955db846fee42db7a4286fc542203934c",
                "sha256:6b4c3d199f953acd5b446bf7c0de1fe25d94e09e79086f8dc2f48a11a129cdf1",
                "sha256:6bdce131e14b04fd34a809b6380dbfd826065c3e2fe8a50dbae659fa0c390546",
                "sha256:716133f7d1d946a4e1b91b1756b23c088881e70ff180c24e864c26192ad7534a",
                "sha256:749a72584761531d2b9467cfbdfd29487ee21124c304c4b6cb760d8777b27f9c",
                "sha256:7516c579652f6a6be0e266aec0acd0db80829ca305c3d771ed898538804c2036",
                "sha256:79dcf9e477bc65414ebfea98ffd013cb39552b5ecd62908752e0e413d6d06e38",
                "sha256:7a0222514e8e4c514660e182d5156a415c13ef0aabbd71682fc714e327b95e99",
                "sha256:7b022717c748dd1992a83e219587aabe45980d88969f01b316e78683e6285f64",
                "sha256:7bf77f54997a9166a2f5675d1201520586439424c2511723a7312bdb4bcc034e",
                "sha256:7e73299c99939f089dd9b2120a04a516b95cdf8c1cd2b18c53ebf0de80b1f18f",
                "sha256:7ef6b61cad77091056ce0e7ce69814ef72afacb150b7ac6a3e9470def2198159",
                "sha256:7f5170993a0dd3ab871c74f45c0a21a4e2c37a2f2b01b5f722a2ad9c6650469e",
                "sha256:803d685de7be4303b5a657b76e2f6d1240e7e0a8aa2968ad5811fa2285553a12",
                "sha256:8891681594162635948a636c9fe0ff21746aeb3dd5463f6e25d9bea3a8a39ca1",
                "sha256:8a19cdb57cd3df4cd865849d93ee14920fb97224300c88501f16ecfa2604b4e0",
                "sha256:8a3862568a36d26e650a19bb5cbbba14b71789032aebc0423f8cc5f150730184",
                "sha256:8b55d5497b51afdfde55925e04a022f1de14d4f4f25cdfd4f5d9b0aa96166851",
                "sha256:8cfc12a8630a29d601f48d47787bd7eb730e475e83edb5d6c5084317463373eb",
                "sha256:9281bf5b34f59afbc6b1e477a372e9526b66ca446f4bf62592839c195a718b32",
                "sha256:92abb658ef2d7ef22ac9f8bb88e8b6c3e571671534e029359b6d9e845923eb1b",
                "sha256:94218fcec4d72bc61df51c198d098ce2b378e0ccbac41ddbed5ef44092913288",
                "sha256:95b5ffa4349df2887518bb839409bcf22caa72d82beec453216802f475b23c81",
                "sha256:9600082733859f00d79dee64effc7aef1beb26adb297416a4ad2116fd61374bd",
                "sha256:960c60b5849b9b4f9dcc9bea6e3626143c252c74113df2c1540aebce70209b45",
                "sha256:9b2fd74c52accced7e75de26023b7dccee62511a600e62311b918ec5c168fc2a",
                "sha256:9c0359b1ec12b1d6849c59f9d319610b7f20ef990a6d454ab151aa0e3b9f78ca",
                "sha256:9cf41880c991716f3c7cec48e2f19ae4045fc9db5fc9cff27347ada24d710bb5",
                "sha256:9d14baca2ee12c1a64740d4531356ba50b82543017f3ad6de0deb943c5979abb",
                "sha256:9f474ad5acda359c8758c8accc22032c6abe6dc87a8be2440d097785e27a9349",
                "sha256:9fb0211dfc3b51efea2f349ec92c114d7754dd62c01f81c3e32b765b70c45c9b",
                "sha256:9fe04da3f79387f450fd0061d4dd2e45a72749d31bf634aecc9e27f24fdc4b3f",
                "sha256:9ff96e8815eecacc6645da76c413eb3b3d34cfca256c70b16b286a687d013c32",
                "sha256:a027ec240fe73a8d6281872690b988eed307cd7d91b23998ff35ff577ca688b5",
                "sha256:a048ce45dcdaaf1defb76b2e684f997fb5abf74437b6cb7b22ddad934a964e34",
                "sha256:a265acbb7bb33a3a2d626afbe756371dce0279e7b17f4f4eda406459c2b5ff1c",
                "sha256:a35c5fc61d4f51eb045061e7967cfe3123d622cd500e8868e7c0c592a09fedc4",
                "sha256:a37bd74c3fa9d00be2d7b8eca074dc56bd8077ddd2917a839bd989612671ed17",
                "sha256:a60a4d75718a5efa473ebd5ab685786ba0c67b8381f781d1be14da49f1a2dc60",
                "sha256:a6ef16328011d3f468e7ebc326f24c1445f001ca1dec335b2f8e66bed3006394",
                "sha256:a90af66facec4cebe4181b9e62a68be65e45ac9b52b67de9eec118701856e7ff",
                "sha256:ad9ce259f50abd98a1ca0aa6e490b58c316a0fce0617f609723e40804add2c00",
                "sha256:afa8a2978ec65d2336305550535c9c4ff50ee527914328c8677b3973ade52b85",
                "sha256:b15b3afff74f707b9275d5ba6a91ae8f6429c3ffb29bbfd216b0b375a56f13d7",
                "sha256:b284e319754366c1aee2267a2036248b24eeb17ecd5dc16022095e747f2f4304",
                "sha256:b2d7f80c4e1fd010b07cb26820aae86b7e73b681ee4889684fb8d2d4537aab13",
                "sha256:b3bc26a951007b1057a1c543af845f1c7e3e71cc240ed1ace7bf4484aa99196e",
                "sha256:b3e34f3a1b8131ba06f1a73adab24f30934d148afcd5f5de9a73565a4404384e",
                "sha256:b4121773c49a0776461f4a904cdf6264c88e42218aaa8407e803ca8025872792",
                "sha256:b61189b29081a20c7e4e0b49b44d5d44bb0dc92be3c6d06a11cc043f81bf9329",
                "sha256:b6234e14f9314731ec45c42fc4554b88133ad53a09092cc48a88e771c125dadb",
                "sha256:b8512bac933afc3e45fb2b18da8e59b78d4f408399a960339598374d4ae3b56b",
                "sha256:ba672b26069957ee369cfa7fc180dde1fc6f176eaf1e6beaf61fbebbd3d9c000",
                "sha256:bee7c0588aa0076ce77c0ea5d19a68d76ad81fcd9fe8501003b9a24f9d4000f6",
                "sha256:c04a328260dfd5db8c39538f999f02779012268f54614902d0afc775d44e0a62",
                "sha256:c1dcc7524066fa918c6a27d61444d4ee7900ec635779058571f70d042d86ed63",
                "sha256:c6e99d9a65ca282e578dfea819cfa9c0a62b2499d8677392e09feaf305e9e6f5",
                "sha256:ca43bdfa5d37bd6aee89d85e1d0831fb86e25541be7e9d376ead1b28974f8e5e",
                "sha256:caf53b15b1b7df9fbd0709aa01409000a2b4dd03a5f6f5cc548183c7c8f8b63c",
                "sha256:cc41db090ed742f32bd2d2c721861725e6109681eddf835d0a82bd3a5c382827",
                "sha256:cd240939f71c64bd658f186330603aac1a9a81bf6273f523fca63673cb7378a8",
                "sha256:ce8fdc2dca699f8dbf055a61d73eaa10482569ad20ee3c36ef9641f69afa8c91",
                "sha256:d1bed1b467ef657f2a0ae62844a607909ef1c6889562de5e1d505f74457d0b96",
                "sha256:d1d964afecdf3a8288789df2f5751dc0a8261138c3768d9af117ed384e538fad",
                "sha256:d4393e3581e84e5645506923816b9cc81f5609a778c7e7534054091acc64d1c6",
                "sha256:d874eb056410ca05fed180b6642e680373688efafc7f077b2a2f61811e873a40",
                "sha256:db99677b4457c7a5c5a949353e125ba72d62b35f74e26da141530fbb012218a7",
                "sha256:dd32a49400a2c3d52088e120ee00c1e3576cbff7e10b98467962c74fdb762ed4",
                "sha256:df0e3bf7993bdbeca5ac25aa859cf40d39019e015c9c91809ba7093967f7a648",
                "sha256:e011555abada53f1578d63389610ac8a5400fc70ce71156b0aa30d326f1a5064",
                "sha256:e2862408c99f84aa571ab462d25236ef9cb12a602ea959ba9c9009a54902fc73",
                "sha256:e3aa16de190d29a0ea1b48253c57d99a68492c8dd8948638073ab9e74dc9410b",
                "sha256:e93a0617cd16998784bf4414c7e40f17a35d2350e5c6f0bd900d3a8e02bd3762",
                "sha256:ea3334cabe4d41b7ccd01e4d349828678794edbc2d3ae97fc162a3312095092e",
                "sha256:eb866162ef2f45063acc7a53a88ef6fe8bf121d45c30ea3c9cd87ce7e191a8d4",
                "sha256:ec81878ddf0e98817def1e77d4f50dae5ef5b0e4fe796fae3bd674304172416e",
                "sha256:efbb54e98446892590dc2458c19c10344ee9a883a79b5cec4bc34d6656e8d546",
                "sha256:f0e77e3c0008bc9316e662624535b88d360c3a5d3f81e15cf12c139a75250046",
                "sha256:f0feece2ef8ebc42ed9e2e8c78fc4aa3cf455733b507c09ef7406364c94376c6",
                "sha256:f470f68adc395e0183b92a2f4689264d1ea4b40504a24d9882c27375e6662bb9",
                "sha256:f844a1bbf1d207dd311a56f383f7eda2d0e134921d45751842d8235e7778965d",
                "sha256:f8a93b1c0ed2d04b97a5e9336fd2d33371b9a6e29ab7dd6503d63407c20ffbaf",
                "sha256:f8e5c0031b90ca9ce555e2e8fd5c3b02a25f14989cbc310701823832c99eb687",
                "sha256:fb287618b9c7aa3bf8d825f02d9201b2f13078a5ed3b293c8f4d953917d84d5e",
                "sha256:fbafe31d191dfa7c4c51f7a6149c9fb7e914dcf9ffead27dcfd9f1ae382b3885",
                "sha256:fbd18dc82d7bf274b37aa48d664534330af744e03bccf696d6f4c6042e7d19e7"
            ],
            "markers": "python_version >= '3.9'",
            "version": "==6.7.0"
        },
        "natural": {
            "hashes": [
                "sha256:18c83662d2d33fd7e6eee4e3b0d7366e1ce86225664e3127a2aaf0a3233f7df2"
            ],
            "index": "pypi",
            "version": "==0.2.0"
        },
        "pymongo": {
            "extras": [
                "srv"
            ],
            "hashes": [
                "sha256:00e6cfce111883ca63a3c12878286e0b89871f4b840290e61fb6f88ee0e687be",
                "sha256:01277a7e183c59081368e4efbde2b8f577014431b257959ca98d3a4e8682dd51",
                "sha256:0182899aafe830f25cf96c5976d724efeaaf7b6646c15424ad8dd25422b2efe1",
                "sha256:098d420a8214ad25f872de7e8b309441995d12ece0376218a04d9ed5d2222cf3",
                "sha256:0a4ea44e5a913bdb7c9abd34c69e9fcfac10dfaf49765463e0dc1ea922dd2a9d",
                "sha256:0e208f2ab7b495eff8fd175022abfb0abce6307ac5aee3f4de51fc1a459b71c9",
                "sha256:138b9fa18d40401c217bc038a48bcde4160b02d36d8632015b1804971a2eaa2f",
                "sha256:14a82593528cddc93cfea5ee78fac95ae763a3a4e124ca79ee0b24fbbc6da1c9",
                "sha256:151361c101600a85cb1c1e0db4e4b28318b521fcafa9b62d389f7342faaaee80",
                "sha256:17c1c143ba77d6e21fc8b48e93f0a5ed982a23447434e9ee4fbb6d633402506b",
                "sha256:18e5c161b18660f1c9d1f78236de45520a436be65e42b7bb51f25f74ad22bdde",
                "sha256:1c2761302b6cbfd12e239ce1b8061d4cf424a361d199dcb32da534985cae9350",
                "sha256:26d036e0f5de09d0b21d0fc30314fcf2ae6359e4d43ae109aa6cf27b4ce02d30",
                "sha256:2a6ae9a600bbc2dbff719c98bf5da584fb8a4f2bb23729a09be2e9c3dbc61c8a",
                "sha256:2ef1b4992ee1cb8bb16745e70afa0c02c5360220a7a8bb4775888721f052d0a6",
                "sha256:36d7049fc183fe4edda3eae7f66ea14c660921429e082fe90b4b7f4dc6664a70",
                "sha256:391aea047bba928006114282f175bc8d09c53fe1b7d8920bf888325e229302fe",
                "sha256:3b909e5b1864de01510079b39bbdc480720c37747be5552b354bc73f02c24a3c",
                "sha256:3e1ba5a037c526a3f4060c28f8d45d71ed9626e2bf954b0cd9a8dcc3b45172ee",
                "sha256:400074090b9a631f120b42c61b222fd743490c133a5d2f99c0208cefcccc964e",
                "sha256:462684a6f5ce6f2661c30eab4d1d459231e0eed280f338e716e31a24fc09ccb3",
                "sha256:4670edbb5ddd71a4d555668ef99b032a5f81b59e4145d66123aa0d831eac7883",
                "sha256:48c60bd32ec141c0d45d8471179430003d9fb4490da181b8165fb1dce9cc255c",
                "sha256:4955be64d943b30f2a7ff98d818ca530f7cb37450bc6b32c37e0e74821907ef8",
                "sha256:4a0660ce32d8459b7f12dc3ca0141528fead62d3cce31b548f96f30902074cc0",
                "sha256:4d167d546352869125dc86f6fda6dffc627d8a9c8963eaee665825f2520d542b",
                "sha256:53451190b8628e1ce7d1fe105dc376c3f10705127bd3b51fe3e107b9ff1851e6",
                "sha256:5c8a4982f5eb767c6fbfb8fb378683d09bcab7c3251ba64357eef600d43f6c23",
                "sha256:5f465cca9b178e7bb782f952dd58e9e92f8ba056e585959465f2bb50feddef5f",
                "sha256:60931b0e07448afe8866ffff764cd5bf4b1a855dc84c7dcb3974c6aa6a377a59",
                "sha256:664c64b6bdb31aceb80f0556951e5e2bf50d359270732268b4e7af00a1cf5d6c",
                "sha256:6b5aec78aa4840e8d6c3881900259892ab5733a366696ca10d99d68c3d73eaaf",
                "sha256:6cec7279e5a1b74b257d0270a8c97943d745811066630a6bc6beb413c68c6a33",
                "sha256:6d5b35da9e16cda630baed790ffc3d0d01029d269523a7cec34d2ec7e6823e75",
                "sha256:6de33f1b2eed91b802ec7abeb92ffb981d052f3604b45588309aae9e0f6e3c02",
                "sha256:705a9bfd619301ee7e985d6f91f68b15dfcb2f6f36b8cc225cc82d4260d2bce5",
                "sha256:722f2b709b63311c0efda4fa4c603661faa4bec6bad24a6cc41a3bc6d841bf09",
                "sha256:731a92dfc4022db763bfa835c6bd160f2d2cba6ada75749c2ed500e13983414b",
                "sha256:7330245253fbe2e09845069d2f4d35dd27f63e377034c94cb0ddac18bc8b0d82",
                "sha256:75107a386d4ccf5291e75cce8ca3898430e7907f4cc1208a17c9efad33a1ea84",
                "sha256:7df8b166d3db6cfead4cf55b481408d8f0935d8bd8d6dbf64507c49ef82c7200",
                "sha256:7ee79e02a7c5ed34706ecb5dad19e6c7d267cf86d28c075ef3127c58f3081279",
                "sha256:872bad5c83f7eec9da11e1fef5f858c6a4c79fe4a83c7780e7b0fe95d560ae3f",
                "sha256:8b3853fb66bf34ce1b6e573e1bbb3cb28763be9d1f57758535757faf1ab2f24a",
                "sha256:8d0ea740a2faa56f930dc82c5976d96c017ece26b29a1cddafb58721c7aab960",
                "sha256:8e97c138d811e9367723fcd07c4402a9211caae20479fdd6301d57762778a69f",
                "sha256:90525454546536544307e6da9c81f331a71a1b144e2d038fec587cc9f9250285",
                "sha256:9066dff9dc0a182478ca5885d0b8a2b820b462e19459ada109df7a3ced31b272",
                "sha256:9757602fb45c8ecc1883fe6db7c59c19d87eb3c645ec9342d28a6026837da931",
                "sha256:98877a9c4ad42df8253a12d8d17a3265781d1feb5c91c767bd153f88feb0b670",
                "sha256:994386a4d6ad39e18bcede6dc8d1d693ec3ed897b88f86b1841fbc37227406da",
                "sha256:9b35f8bded43ff91475305445fedf0613f880ff7e25c75ae1028e1260a9b7a86",
                "sha256:9c9340c7161e112e36ebb97fbba1cdbe7db3dfacb694d2918b1f155a01f3d859",
                "sha256:9e51e30d67b468a2a634ade928b30cb3e420127f148a9aec60de33f39087bdc4",
                "sha256:a023804a3ac0f85d4510265b60978522368b5815772262e61e3a2222a8b315c9",
                "sha256:aa310096450e9c461b7dfd66cbc1c41771fe36c06200440bb3e062b1d4a06b6e",
                "sha256:af039afc6d787502c02089759778b550cb2f25dbe2780f5b050a2e37031c3fbf",
                "sha256:af5c5112db04cf62a5d9d224a24f289aaecb47d152c08a457cca81cee061d5bd",
                "sha256:b3d10bdd46cbc35a2109737d36ffbef32e7420569a87904738ad444ccb7ac2c5",
                "sha256:b7cf28d9c90e40d4e385b858e4095739829f466f23e08674085161d86bb4bb10",
                "sha256:bec8e4e88984be157408f1923d25869e1b575c07711cdbdde596f66931800934",
                "sha256:becfa816545a48c8e740ac2fd624c1c121e1362072d68ffcf37a6b1be8ea187e",
                "sha256:c2ad3e5bfcd345c0bfe9af69a82d720860b5b043c1657ffb513c18a0dee19c19",
                "sha256:c4726e36a2f7e92f09f5b8e92ba4db7525daffe31a0dcbcf0533edc0ade8c7d8",
                "sha256:c67c19f653053ef2ebd7f1837c2978400058d6d7f66ec5760373a21eaf660158",
                "sha256:c701de8e483fb5e53874aab642235361aac6de698146b02c644389eaa8c137b6",
                "sha256:cc7a26edf79015c58eea46feb5b262cece55bc1d4929a8a9e0cbe7e6d6a9b0eb",
                "sha256:ccc15a7c7a99aed7d0831eaf78a607f1db0c7a255f96e3d18984231acd72f70c",
                "sha256:cd6c15242d9306ff1748681c3235284cbe9f807aeaa86cd17d85e72af626e9a7",
                "sha256:cdbea2aac1a4caa66ee912af3601557d2bda2f9f69feec83601c78c7e53ece64",
                "sha256:d30d5d7963453b478016bf7b0d87d7089ca24d93dbdecfbc9aa32f1b4772160a",
                "sha256:dde9fb6e105ce054339256a8b7a9775212ebb29596ef4e402d7bbc63b354d202",
                "sha256:e097f877de4d6af13a33ef938bf2a2350f424be5deabf8b857da95f5b080487a",
                "sha256:e1e1586ebdebe0447a24842480defac17c496430a218486c96e2da3f164c0f05",
                "sha256:e344d0afdd7c06c1f1e66a4736593293f432defc2191e6b411fc9c82fa8c5adc",
                "sha256:e4056bc421d4df2c61db4e584415f2b0f1eebb92cbf9222f7f38303467c37117",
                "sha256:e420e74c6db4594a6d09f39b58c0772679006cb0b4fc40901ba608794d87dad2",
                "sha256:e458e6fc2b7dd40d15cda04898bd2d8c9ff7ae086c516bc261628d54eb4e3158",
                "sha256:eaf3d594ebfd5e1f3503d81e06a5d78e33cda27418b36c2491c3d4ad4fca5972",
                "sha256:ebcc145c74d06296ce0cad35992185064e5cb2aadef719586778c144f0cd4d37",
                "sha256:f4330c022024e7994b630199cdae909123e4b0e9cf15335de71b146c0f6a2435",
                "sha256:ff7d1f449fcad23d9bc8e8dc2b9972be38bcd76d99ea5f7d29b2efa929c2a7ff"
            ],
            "markers": "python_version >= '3.7'",
            "version": "==4.6.3"
        },
        "python-dateutil": {
            "hashes": [
                "sha256:0123cacc1627ae19ddf3c27a5de5bd67ee4586fbdd6440d9748f8abb483d3e86",
                "sha256:961d03dc3453ebbc59dbdea9e4e11c5651520a876d0f4db161e8674aae935da9"
            ],
            "index": "pypi",
            "markers": "python_version >= '2.7' and python_version not in '3.0, 3.1, 3.2'",
            "version": "==2.8.2"
        },
        "sanic": {
            "hashes": [
                "sha256:4d909aa8a1cb39b0c42a5ec9fe6eb128013cc822bcf4c554326304b9ac427117",
                "sha256:b65a13ff8c06f3fb5790a132d9b7740cde1d5f70c0fd25c44a587552eeb3dbab"
            ],
            "index": "pypi",
            "markers": "python_version >= '3.8'",
            "version": "==23.12.2"
        },
        "sanic-routing": {
            "hashes": [
                "sha256:1558a72afcb9046ed3134a5edae02fc1552cff08f0fff2e8d5de0877ea43ed73",
                "sha256:1dcadc62c443e48c852392dba03603f9862b6197fc4cba5bbefeb1ace0848b04"
            ],
            "version": "==23.12.0"
        },
        "six": {
            "hashes": [
                "sha256:4721f391ed90541fddacab5acf947aa0d3dc7d27b2e1e8eda2be8970586c3274",
                "sha256:ff70335d468e7eb6ec65b95b99d3a2836546063f63acc5171de367e834932a81"
            ],
            "markers": "python_version >= '2.7' and python_version not in '3.0, 3.1, 3.2'",
            "version": "==1.17.0"
        },
        "tracerite": {
            "hashes": [
                "sha256:119fc006f240aa03fffb41cf99cf82fda5c0449c7d4b6fe42c6340403578b31e",
                "sha256:811d8e2e0fb563b77340eebe2e9f7b324acfe01e09ea58db8bcaecb24327c823"
            ],
            "version": "==1.1.3"
        },
        "typing-extensions": {
            "hashes": [
                "sha256:0cea48d173cc12fa28ecabc3b837ea3cf6f38c6d1136f85cbaaf598984861466",
                "sha256:f0fa19c6845758ab08074a0cfa8b7aecb71c999ca73d62883bc25cc018c4e548"
            ],
            "markers": "python_version >= '3.9'",
            "version": "==4.15.0"
        },
        "websockets": {
            "hashes": [
                "sha256:0701bc3cfcb9164d04a14b149fd74be7347a530ad3bbf15ab2c678a2cd3dd9a2",
                "sha256:0a34631031a8f05657e8e90903e656959234f3a04552259458aac0b0f9ae6fd9",
                "sha256:0af68c55afbd5f07986df82831c7bff04846928ea8d1fd7f30052638788bc9b5",
                "sha256:0c9e74d766f2818bb95f84c25be4dea09841ac0f734d1966f415e4edfc4ef1c3",
                "sha256:0f3c1e2ab208db911594ae5b4f79addeb3501604a165019dd221c0bdcabe4db8",
                "sha256:0fdfe3e2a29e4db3659dbd5bbf04560cea53dd9610273917799f1cde46aa725e",
                "sha256:1009ee0c7739c08a0cd59de430d6de452a55e42d6b522de7aa15e6f67db0b8e1",
                "sha256:1234d4ef35db82f5446dca8e35a7da7964d02c127b095e172e54397fb6a6c256",
                "sha256:16b6c1b3e57799b9d38427dda63edcbe4926352c47cf88588c0be4ace18dac85",
                "sha256:2034693ad3097d5355bfdacfffcbd3ef5694f9718ab7f29c29689a9eae841880",
                "sha256:21c1fa28a6a7e3cbdc171c694398b6df4744613ce9b36b1a498e816787e28123",
                "sha256:229cf1d3ca6c1804400b0a9790dc66528e08a6a1feec0d5040e8b9eb14422375",
                "sha256:27ccee0071a0e75d22cb35849b1db43f2ecd3e161041ac1ee9d2352ddf72f065",
                "sha256:363c6f671b761efcb30608d24925a382497c12c506b51661883c3e22337265ed",
                "sha256:39c1fec2c11dc8d89bba6b2bf1556af381611a173ac2b511cf7231622058af41",
                "sha256:3b1ac0d3e594bf121308112697cf4b32be538fb1444468fb0a6ae4feebc83411",
                "sha256:3be571a8b5afed347da347bfcf27ba12b069d9d7f42cb8c7028b5e98bbb12597",
                "sha256:3c714d2fc58b5ca3e285461a4cc0c9a66bd0e24c5da9911e30158286c9b5be7f",
                "sha256:3d00075aa65772e7ce9e990cab3ff1de702aa09be3940d1dc88d5abf1ab8a09c",
                "sha256:3e90baa811a5d73f3ca0bcbf32064d663ed81318ab225ee4f427ad4e26e5aff3",
                "sha256:47819cea040f31d670cc8d324bb6435c6f133b8c7a19ec3d61634e62f8d8f9eb",
                "sha256:47b099e1f4fbc95b701b6e85768e1fcdaf1630f3cbe4765fa216596f12310e2e",
                "sha256:4a9fac8e469d04ce6c25bb2610dc535235bd4aa14996b4e6dbebf5e007eba5ee",
                "sha256:4b826973a4a2ae47ba357e4e82fa44a463b8f168e1ca775ac64521442b19e87f",
                "sha256:4c2529b320eb9e35af0fa3016c187dffb84a3ecc572bcee7c3ce302bfeba52bf",
                "sha256:54479983bd5fb469c38f2f5c7e3a24f9a4e70594cd68cd1fa6b9340dadaff7cf",
                "sha256:558d023b3df0bffe50a04e710bc87742de35060580a293c2a984299ed83bc4e4",
                "sha256:5756779642579d902eed757b21b0164cd6fe338506a8083eb58af5c372e39d9a",
                "sha256:592f1a9fe869c778694f0aa806ba0374e97648ab57936f092fd9d87f8bc03665",
                "sha256:595b6c3969023ecf9041b2936ac3827e4623bfa3ccf007575f04c5a6aa318c22",
                "sha256:5a939de6b7b4e18ca683218320fc67ea886038265fd1ed30173f5ce3f8e85675",
                "sha256:5d54b09eba2bada6011aea5375542a157637b91029687eb4fdb2dab11059c1b4",
                "sha256:5df592cd503496351d6dc14f7cdad49f268d8e618f80dce0cd5a36b93c3fc08d",
                "sha256:5f4c04ead5aed67c8a1a20491d54cdfba5884507a48dd798ecaf13c74c4489f5",
                "sha256:64dee438fed052b52e4f98f76c5790513235efaa1ef7f3f2192c392cd7c91b65",
                "sha256:66dd88c918e3287efc22409d426c8f729688d89a0c587c88971a0faa2c2f3792",
                "sha256:678999709e68425ae2593acf2e3ebcbcf2e69885a5ee78f9eb80e6e371f1bf57",
                "sha256:67f2b6de947f8c757db2db9c71527933ad0019737ec374a8a6be9a956786aaf9",
                "sha256:693f0192126df6c2327cce3baa7c06f2a117575e32ab2308f7f8216c29d9e2e3",
                "sha256:746ee8dba912cd6fc889a8147168991d50ed70447bf18bcda7039f7d2e3d9151",
                "sha256:756c56e867a90fb00177d530dca4b097dd753cde348448a1012ed6c5131f8b7d",
                "sha256:76d1f20b1c7a2fa82367e04982e708723ba0e7b8d43aa643d3dcd404d74f1475",
                "sha256:7f493881579c90fc262d9cdbaa05a6b54b3811c2f300766748db79f098db9940",
                "sha256:823c248b690b2fd9303ba00c4f66cd5e2d8c3ba4aa968b2779be9532a4dad431",
                "sha256:82544de02076bafba038ce055ee6412d68da13ab47f0c60cab827346de828dee",
                "sha256:8dd8327c795b3e3f219760fa603dcae1dcc148172290a8ab15158cf85a953413",
                "sha256:8fdc51055e6ff4adeb88d58a11042ec9a5eae317a0a53d12c062c8a8865909e8",
                "sha256:a625e06551975f4b7ea7102bc43895b90742746797e2e14b70ed61c43a90f09b",
                "sha256:abdc0c6c8c648b4805c5eacd131910d2a7f6455dfd3becab248ef108e89ab16a",
                "sha256:ac017dd64572e5c3bd01939121e4d16cf30e5d7e110a119399cf3133b63ad054",
                "sha256:ac1e5c9054fe23226fb11e05a6e630837f074174c4c2f0fe442996112a6de4fb",
                "sha256:ac60e3b188ec7574cb761b08d50fcedf9d77f1530352db4eef1707fe9dee7205",
                "sha256:b359ed09954d7c18bbc1680f380c7301f92c60bf924171629c5db97febb12f04",
                "sha256:b7643a03db5c95c799b89b31c036d5f27eeb4d259c798e878d6937d71832b1e4",
                "sha256:ba9e56e8ceeeedb2e080147ba85ffcd5cd0711b89576b83784d8605a7df455fa",
                "sha256:c338ffa0520bdb12fbc527265235639fb76e7bc7faafbb93f6ba80d9c06578a9",
                "sha256:cad21560da69f4ce7658ca2cb83138fb4cf695a2ba3e475e0559e05991aa8122",
                "sha256:d08eb4c2b7d6c41da6ca0600c077e93f5adcfd979cd777d747e9ee624556da4b",
                "sha256:d50fd1ee42388dcfb2b3676132c78116490976f1300da28eb629272d5d93e905",
                "sha256:d591f8de75824cbb7acad4e05d2d710484f15f29d4a915092675ad3456f11770",
                "sha256:d5f6b181bb38171a8ad1d6aa58a67a6aa9d4b38d0f8c5f496b9e42561dfc62fe",
                "sha256:d63efaa0cd96cf0c5fe4d581521d9fa87744540d4bc999ae6e08595a1014b45b",
                "sha256:d99e5546bf73dbad5bf3547174cd6cb8ba7273062a23808ffea025ecb1cf8562",
                "sha256:e09473f095a819042ecb2ab9465aee615bd9c2028e4ef7d933600a8401c79561",
                "sha256:e8b56bdcdb4505c8078cb6c7157d9811a85790f2f2b3632c7d1462ab5783d215",
                "sha256:ee443ef070bb3b6ed74514f5efaa37a252af57c90eb33b956d35c8e9c10a1931",
                "sha256:f29d80eb9a9263b8d109135351caf568cc3f80b9928bccde535c235de55c22d9",
                "sha256:f7a866fbc1e97b5c617ee4116daaa09b722101d4a3c170c787450ba409f9736f",
                "sha256:fcd5cf9e305d7b8338754470cf69cf81f420459dbae8a3b40cee57417f4614a7"
            ],
            "markers": "python_version >= '3.9'",
            "version": "==15.0.1"
        }
    },
    "develop": {}
}
